github.com/AlecGhost/lighter/hugo v0.0.0-20260816163307-ee623f7868c2 h1:qJYZXEEwmpgUhY1AiPogf7XTFEzTQyKKGxF5e88xS+s=
github.com/AlecGhost/lighter/hugo v0.0.0-20260816163307-ee623f7868c2/go.mod h1:NTnbmzl4v2BNVgypMfohZSFy4Dw+sDPhCH5sFi3Ry1A=
github.com/AlecGhost/spin v0.0.0-20260815225007-8f9621fbd65f h1:oGy2tE5o+dAWniF1iD5RxINcLDYSiqWroG3NW2z0Svc=
github.com/AlecGhost/spin v0.0.0-20260815225007-8f9621fbd65f/go.mod h1:bEL87dipCjsFdpOdQrnfEZlLD8bRTBbKylDs0ZyQJrU=
github.com/AlecGhost/spin v0.0.0-20260816080032-373f4f1ea476 h1:eaUKCnppQb/casxlVhalNnzc5v0oRqHW9dfXMCiepn0=
github.com/AlecGhost/spin v0.0.0-20260816080032-373f4f1ea476/go.mod h1:bEL87dipCjsFdpOdQrnfEZlLD8bRTBbKylDs0ZyQJrU=
github.com/AlecGhost/spin v0.0.0-20260816163430-af20f822dfb4 h1:kgKUqoAdVDvVvnqhLucDJklpZgPV7AzwIl3bNCLkAnU=
github.com/AlecGhost/spin v0.0.0-20260816163430-af20f822dfb4/go.mod h1:bEL87dipCjsFdpOdQrnfEZlLD8bRTBbKylDs0ZyQJrU=
github.com/AlecGhost/spin v0.0.0-20260827141515-a4348b780443 h1:bZecjCol8zYPBlfoVRhaYdV41ahlCw0TS2V3YsIhE88=
github.com/AlecGhost/spin v0.0.0-20260827141515-a4348b780443/go.mod h1:bEL87dipCjsFdpOdQrnfEZlLD8bRTBbKylDs0ZyQJrU=
github.com/AlecGhost/spin v0.0.0-20260827144909-1e2645ded2db h1:lK1yPDPt+BP/mXjGyjquTFVst7P/Px6tNEAqeYqbkRw=
github.com/AlecGhost/spin v0.0.0-20260827144909-1e2645ded2db/go.mod h1:bEL87dipCjsFdpOdQrnfEZlLD8bRTBbKylDs0ZyQJrU=
github.com/AlecGhost/spin v0.0.0-20260827214215-f354a49035ba h1:uVIoE3Gd6sLWjc6nToK31f0dE1HovY2n/tffTjAHn4g=
github.com/AlecGhost/spin v0.0.0-20260827214215-f354a49035ba/go.mod h1:bEL87dipCjsFdpOdQrnfEZlLD8bRTBbKylDs0ZyQJrU=
